// !$*UTF8*$!
{
	archiveVersion = 1;
	classes = {
	};
	objectVersion = 77;
	objects = {

/* Begin PBXBuildFile section */
		110CC2982E6A11BD00936296 /* README.md in Resources */ = {isa = PBXBuildFile; fileRef = 110CC2972E6A11B200936296 /* README.md */; };
/* End PBXBuildFile section */

/* Begin PBXContainerItemProxy section */
		117076F72E5F838C0075026B /* PBXContainerItemProxy */ = {
			isa = PBXContainerItemProxy;
			containerPortal = 117076DE2E5F838B0075026B /* Project object */;
			proxyType = 1;
			remoteGlobalIDString = 117076E52E5F838B0075026B;
			remoteInfo = RideFinderApp;
		};
		117077012E5F838C0075026B /* PBXContainerItemProxy */ = {
			isa = PBXContainerItemProxy;
			containerPortal = 117076DE2E5F838B0075026B /* Project object */;
			proxyType = 1;
			remoteGlobalIDString = 117076E52E5F838B0075026B;
			remoteInfo = RideFinderApp;
		};
/* End PBXContainerItemProxy section */

/* Begin PBXFileReference section */
		110CC2972E6A11B200936296 /* README.md */ = {isa = PBXFileReference; lastKnownFileType = net.daringfireball.markdown; path = README.md; sourceTree = "<group>"; };
		117076E62E5F838B0075026B /* RideFinderApp.app */ = {isa = PBXFileReference; explicitFileType = wrapper.application; includeInIndex = 0; path = RideFinderApp.app; sourceTree = BUILT_PRODUCTS_DIR; };
		117076F62E5F838C0075026B /* RideFinderAppTests.xctest */ = {isa = PBXFileReference; explicitFileType = wrapper.cfbundle; includeInIndex = 0; path = RideFinderAppTests.xctest; sourceTree = BUILT_PRODUCTS_DIR; };
		117077002E5F838C0075026B /* RideFinderAppUITests.xctest */ = {isa = PBXFileReference; explicitFileType = wrapper.cfbundle; includeInIndex = 0; path = RideFinderAppUITests.xctest; sourceTree = BUILT_PRODUCTS_DIR; };
/* End PBXFileReference section */

/* Begin PBXFileSystemSynchronizedRootGroup section */
		117076E82E5F838B0075026B /* RideFinderApp */ = {
			isa = PBXFileSystemSynchronizedRootGroup;
			path = RideFinderApp;
			sourceTree = "<group>";
		};
		117076F92E5F838C0075026B /* RideFinderAppTests */ = {
			isa = PBXFileSystemSynchronizedRootGroup;
			path = RideFinderAppTests;
			sourceTree = "<group>";
		};
		117077032E5F838C0075026B /* RideFinderAppUITests */ = {
			isa = PBXFileSystemSynchronizedRootGroup;
			path = RideFinderAppUITests;
			sourceTree = "<group>";
		};
/* End PBXFileSystemSynchronizedRootGroup section */

/* Begin PBXFrameworksBuildPhase section */
		117076E32E5F838B0075026B /* Frameworks */ = {
			isa = PBXFrameworksBuildPhase;
			buildActionMask = 2147483647;
			files = (
			);
			runOnlyForDeploymentPostprocessing = 0;
		};
		117076F32E5F838C0075026B /* Frameworks */ = {
			isa = PBXFrameworksBuildPhase;
			buildActionMask = 2147483647;
			files = (
			);
			runOnlyForDeploymentPostprocessing = 0;
		};
		117076FD2E5F838C0075026B /* Frameworks */ = {
			isa = PBXFrameworksBuildPhase;
			buildActionMask = 2147483647;
			files = (
			);
			runOnlyForDeploymentPostprocessing = 0;
		};
/* End PBXFrameworksBuildPhase section */

/* Begin PBXGroup section */
		117076DD2E5F838B0075026B = {
			isa = PBXGroup;
			children = (
				110CC2972E6A11B200936296 /* README.md */,
				117076E82E5F838B0075026B /* RideFinderApp */,
				117076F92E5F838C0075026B /* RideFinderAppTests */,
				117077032E5F838C0075026B /* RideFinderAppUITests */,
				117076E72E5F838B0075026B /* Products */,
			);
			sourceTree = "<group>";
		};
		117076E72E5F838B0075026B /* Products */ = {
			isa = PBXGroup;
			children = (
				117076E62E5F838B0075026B /* RideFinderApp.app */,
				117076F62E5F838C0075026B /* RideFinderAppTests.xctest */,
				117077002E5F838C0075026B /* RideFinderAppUITests.xctest */,
			);
			name = Products;
			sourceTree = "<group>";
		};
/* End PBXGroup section */

/* Begin PBXNativeTarget section */
		117076E52E5F838B0075026B /* RideFinderApp */ = {
			isa = PBXNativeTarget;
			buildConfigurationList = 1170770A2E5F838C0075026B /* Build configuration list for PBXNativeTarget "RideFinderApp" */;
			buildPhases = (
				117076E22E5F838B0075026B /* Sources */,
				117076E32E5F838B0075026B /* Frameworks */,
				117076E42E5F838B0075026B /* Resources */,
			);
			buildRules = (
			);
			dependencies = (
			);
			fileSystemSynchronizedGroups = (
				117076E82E5F838B0075026B /* RideFinderApp */,
			);
			name = RideFinderApp;
			packageProductDependencies = (
			);
			productName = RideFinderApp;
			productReference = 117076E62E5F838B0075026B /* RideFinderApp.app */;
			productType = "com.apple.product-type.application";
		};
		117076F52E5F838C0075026B /* RideFinderAppTests */ = {
			isa = PBXNativeTarget;
			buildConfigurationList = 1170770D2E5F838C0075026B /* Build configuration list for PBXNativeTarget "RideFinderAppTests" */;
			buildPhases = (
				117076F22E5F838C0075026B /* Sources */,
				117076F32E5F838C0075026B /* Frameworks */,
				117076F42E5F838C0075026B /* Resources */,
			);
			buildRules = (
			);
			dependencies = (
				117076F82E5F838C0075026B /* PBXTargetDependency */,
			);
			fileSystemSynchronizedGroups = (
				117076F92E5F838C0075026B /* RideFinderAppTests */,
			);
			name = RideFinderAppTests;
			packageProductDependencies = (
			);
			productName = RideFinderAppTests;
			productReference = 117076F62E5F838C0075026B /* RideFinderAppTests.xctest */;
			productType = "com.apple.product-type.bundle.unit-test";
		};
		117076FF2E5F838C0075026B /* RideFinderAppUITests */ = {
			isa = PBXNativeTarget;
			buildConfigurationList = 117077102E5F838C0075026B /* Build configuration list for PBXNativeTarget "RideFinderAppUITests" */;
			buildPhases = (
				117076FC2E5F838C0075026B /* Sources */,
				117076FD2E5F838C0075026B /* Frameworks */,
				117076FE2E5F838C0075026B /* Resources */,
			);
			buildRules = (
			);
			dependencies = (
				117077022E5F838C0075026B /* PBXTargetDependency */,
			);
			fileSystemSynchronizedGroups = (
				117077032E5F838C0075026B /* RideFinderAppUITests */,
			);
			name = RideFinderAppUITests;
			packageProductDependencies = (
			);
			productName = RideFinderAppUITests;
			productReference = 117077002E5F838C0075026B /* RideFinderAppUITests.xctest */;
			productType = "com.apple.product-type.bundle.ui-testing";
		};
/* End PBXNativeTarget section */

/* Begin PBXProject section */
		117076DE2E5F838B0075026B /* Project object */ = {
			isa = PBXProject;
			attributes = {
				BuildIndependentTargetsInParallel = 1;
				LastSwiftUpdateCheck = 1620;
				LastUpgradeCheck = 1620;
				TargetAttributes = {
					117076E52E5F838B0075026B = {
						CreatedOnToolsVersion = 16.2;
					};
					117076F52E5F838C0075026B = {
						CreatedOnToolsVersion = 16.2;
						TestTargetID = 117076E52E5F838B0075026B;
					};
					117076FF2E5F838C0075026B = {
						CreatedOnToolsVersion = 16.2;
						TestTargetID = 117076E52E5F838B0075026B;
					};
				};
			};
			buildConfigurationList = 117076E12E5F838B0075026B /* Build configuration list for PBXProject "RideFinderApp" */;
			developmentRegion = en;
			hasScannedForEncodings = 0;
			knownRegions = (
				en,
				Base,
			);
			mainGroup = 117076DD2E5F838B0075026B;
			minimizedProjectReferenceProxies = 1;
			preferredProjectObjectVersion = 77;
			productRefGroup = 117076E72E5F838B0075026B /* Products */;
			projectDirPath = "";
			projectRoot = "";
			targets = (
				117076E52E5F838B0075026B /* RideFinderApp */,
				117076F52E5F838C0075026B /* RideFinderAppTests */,
				117076FF2E5F838C0075026B /* RideFinderAppUITests */,
			);
		};
/* End PBXProject section */

/* Begin PBXResourcesBuildPhase section */
		117076E42E5F838B0075026B /* Resources */ = {
			isa = PBXResourcesBuildPhase;
			buildActionMask = 2147483647;
			files = (
				110CC2982E6A11BD00936296 /* README.md in Resources */,
			);
			runOnlyForDeploymentPostprocessing = 0;
		};
		117076F42E5F838C0075026B /* Resources */ = {
			isa = PBXResourcesBuildPhase;
			buildActionMask = 2147483647;
			files = (
			);
			runOnlyForDeploymentPostprocessing = 0;
		};
		117076FE2E5F838C0075026B /* Resources */ = {
			isa = PBXResourcesBuildPhase;
			buildActionMask = 2147483647;
			files = (
			);
			runOnlyForDeploymentPostprocessing = 0;
		};
/* End PBXResourcesBuildPhase section */

/* Begin PBXSourcesBuildPhase section */
		117076E22E5F838B0075026B /* Sources */ = {
			isa = PBXSourcesBuildPhase;
			buildActionMask = 2147483647;
			files = (
			);
			runOnlyForDeploymentPostprocessing = 0;
		};
		117076F22E5F838C0075026B /* Sources */ = {
			isa = PBXSourcesBuildPhase;
			buildActionMask = 2147483647;
			files = (
			);
			runOnlyForDeploymentPostprocessing = 0;
		};
		117076FC2E5F838C0075026B /* Sources */ = {
			isa = PBXSourcesBuildPhase;
			buildActionMask = 2147483647;
			files = (
			);
			runOnlyForDeploymentPostprocessing = 0;
		};
/* End PBXSourcesBuildPhase section */

/* Begin PBXTargetDependency section */
		117076F82E5F838C0075026B /* PBXTargetDependency */ = {
			isa = PBXTargetDependency;
			target = 117076E52E5F838B0075026B /* RideFinderApp */;
			targetProxy = 117076F72E5F838C0075026B /* PBXContainerItemProxy */;
		};
		117077022E5F838C0075026B /* PBXTargetDependency */ = {
			isa = PBXTargetDependency;
			target = 117076E52E5F838B0075026B /* RideFinderApp */;
			targetProxy = 117077012E5F838C0075026B /* PBXContainerItemProxy */;
		};
/* End PBXTargetDependency section */

/* Begin XCBuildConfiguration section */
		117077082E5F838C0075026B /* Debug */ = {
			isa = XCBuildConfiguration;
			buildSettings = {
				ALWAYS_SEARCH_USER_PATHS = NO;
				ASSETCATALOG_COMPILER_GENERATE_SWIFT_ASSET_SYMBOL_EXTENSIONS = YES;
				CLANG_ANALYZER_NONNULL = YES;
				CLANG_ANALYZER_NUMBER_OBJECT_CONVERSION = YES_AGGRESSIVE;
				CLANG_CXX_LANGUAGE_STANDARD = "gnu++20";
				CLANG_ENABLE_MODULES = YES;
				CLANG_ENABLE_OBJC_ARC = YES;
				CLANG_ENABLE_OBJC_WEAK = YES;
				CLANG_WARN_BLOCK_CAPTURE_AUTORELEASING = YES;
				CLANG_WARN_BOOL_CONVERSION = YES;
				CLANG_WARN_COMMA = YES;
				CLANG_WARN_CONSTANT_CONVERSION = YES;
				CLANG_WARN_DEPRECATED_OBJC_IMPLEMENTATIONS = YES;
				CLANG_WARN_DIRECT_OBJC_ISA_USAGE = YES_ERROR;
				CLANG_WARN_DOCUMENTATION_COMMENTS = YES;
				CLANG_WARN_EMPTY_BODY = YES;
				CLANG_WARN_ENUM_CONVERSION = YES;
				CLANG_WARN_INFINITE_RECURSION = YES;
				CLANG_WARN_INT_CONVERSION = YES;
				CLANG_WARN_NON_LITERAL_NULL_CONVERSION = YES;
				CLANG_WARN_OBJC_IMPLICIT_RETAIN_SELF = YES;
				CLANG_WARN_OBJC_LITERAL_CONVERSION = YES;
				CLANG_WARN_OBJC_ROOT_CLASS = YES_ERROR;
				CLANG_WARN_QUOTED_INCLUDE_IN_FRAMEWORK_HEADER = YES;
				CLANG_WARN_RANGE_LOOP_ANALYSIS = YES;
				CLANG_WARN_STRICT_PROTOTYPES = YES;
				CLANG_WARN_SUSPICIOUS_MOVE = YES;
				CLANG_WARN_UNGUARDED_AVAILABILITY = YES_AGGRESSIVE;
				CLANG_WARN_UNREACHABLE_CODE = YES;
				CLANG_WARN__DUPLICATE_METHOD_MATCH = YES;
				COPY_PHASE_STRIP = NO;
				DEBUG_INFORMATION_FORMAT = dwarf;
				ENABLE_STRICT_OBJC_MSGSEND = YES;
				ENABLE_TESTABILITY = YES;
				ENABLE_USER_SCRIPT_SANDBOXING = YES;
				GCC_C_LANGUAGE_STANDARD = gnu17;
				GCC_DYNAMIC_NO_PIC = NO;
				GCC_NO_COMMON_BLOCKS = YES;
				GCC_OPTIMIZATION_LEVEL = 0;
				GCC_PREPROCESSOR_DEFINITIONS = (
					"DEBUG=1",
					"$(inherited)",
				);
				GCC_WARN_64_TO_32_BIT_CONVERSION = YES;
				GCC_WARN_ABOUT_RETURN_TYPE = YES_ERROR;
				GCC_WARN_UNDECLARED_SELECTOR = YES;
				GCC_WARN_UNINITIALIZED_AUTOS = YES_AGGRESSIVE;
				GCC_WARN_UNUSED_FUNCTION = YES;
				GCC_WARN_UNUSED_VARIABLE = YES;
				IPHONEOS_DEPLOYMENT_TARGET = 18.2;
				LOCALIZATION_PREFERS_STRING_CATALOGS = YES;
				MTL_ENABLE_DEBUG_INFO = INCLUDE_SOURCE;
				MTL_FAST_MATH = YES;
				ONLY_ACTIVE_ARCH = YES;
				SDKROOT = iphoneos;
				SWIFT_ACTIVE_COMPILATION_CONDITIONS = "DEBUG $(inherited)";
				SWIFT_OPTIMIZATION_LEVEL = "-Onone";
			};
			name = Debug;
		};
		117077092E5F838C0075026B /* Release */ = {
			isa = XCBuildConfiguration;
			buildSettings = {
				ALWAYS_SEARCH_USER_PATHS = NO;
				ASSETCATALOG_COMPILER_GENERATE_SWIFT_ASSET_SYMBOL_EXTENSIONS = YES;
				CLANG_ANALYZER_NONNULL = YES;
				CLANG_ANALYZER_NUMBER_OBJECT_CONVERSION = YES_AGGRESSIVE;
				CLANG_CXX_LANGUAGE_STANDARD = "gnu++20";
				CLANG_ENABLE_MODULES = YES;
				CLANG_ENABLE_OBJC_ARC = YES;
				CLANG_ENABLE_OBJC_WEAK = YES;
				CLANG_WARN_BLOCK_CAPTURE_AUTORELEASING = YES;
				CLANG_WARN_BOOL_CONVERSION = YES;
				CLANG_WARN_COMMA = YES;
				CLANG_WARN_CONSTANT_CONVERSION = YES;
				CLANG_WARN_DEPRECATED_OBJC_IMPLEMENTATIONS = YES;
				CLANG_WARN_DIRECT_OBJC_ISA_USAGE = YES_ERROR;
				CLANG_WARN_DOCUMENTATION_COMMENTS = YES;
				CLANG_WARN_EMPTY_BODY = YES;
				CLANG_WARN_ENUM_CONVERSION = YES;
				CLANG_WARN_INFINITE_RECURSION = YES;
				CLANG_WARN_INT_CONVERSION = YES;
				CLANG_WARN_NON_LITERAL_NULL_CONVERSION = YES;
				CLANG_WARN_OBJC_IMPLICIT_RETAIN_SELF = YES;
				CLANG_WARN_OBJC_LITERAL_CONVERSION = YES;
				CLANG_WARN_OBJC_ROOT_CLASS = YES_ERROR;
				CLANG_WARN_QUOTED_INCLUDE_IN_FRAMEWORK_HEADER = YES;
				CLANG_WARN_RANGE_LOOP_ANALYSIS = YES;
				CLANG_WARN_STRICT_PROTOTYPES = YES;
				CLANG_WARN_SUSPICIOUS_MOVE = YES;
				CLANG_WARN_UNGUARDED_AVAILABILITY = YES_AGGRESSIVE;
				CLANG_WARN_UNREACHABLE_CODE = YES;
				CLANG_WARN__DUPLICATE_METHOD_MATCH = YES;
				COPY_PHASE_STRIP = NO;
				DEBUG_INFORMATION_FORMAT = "dwarf-with-dsym";
				ENABLE_NS_ASSERTIONS = NO;
				ENABLE_STRICT_OBJC_MSGSEND = YES;
				ENABLE_USER_SCRIPT_SANDBOXING = YES;
				GCC_C_LANGUAGE_STANDARD = gnu17;
				GCC_NO_COMMON_BLOCKS = YES;
				GCC_WARN_64_TO_32_BIT_CONVERSION = YES;
				GCC_WARN_ABOUT_RETURN_TYPE = YES_ERROR;
				GCC_WARN_UNDECLARED_SELECTOR = YES;
				GCC_WARN_UNINITIALIZED_AUTOS = YES_AGGRESSIVE;
				GCC_WARN_UNUSED_FUNCTION = YES;
				GCC_WARN_UNUSED_VARIABLE = YES;
				IPHONEOS_DEPLOYMENT_TARGET = 18.2;
				LOCALIZATION_PREFERS_STRING_CATALOGS = YES;
				MTL_ENABLE_DEBUG_INFO = NO;
				MTL_FAST_MATH = YES;
				SDKROOT = iphoneos;
				SWIFT_COMPILATION_MODE = wholemodule;
				VALIDATE_PRODUCT = YES;
			};
			name = Release;
		};
		1170770B2E5F838C0075026B /* Debug */ = {
			isa = XCBuildConfiguration;
			buildSettings = {
				ASSETCATALOG_COMPILER_APPICON_NAME = AppIcon;
				ASSETCATALOG_COMPILER_GLOBAL_ACCENT_COLOR_NAME = AccentColor;
				CODE_SIGN_STYLE = Automatic;
				CURRENT_PROJECT_VERSION = 1;
				DEVELOPMENT_ASSET_PATHS = "\"RideFinderApp/Preview Content\"";
				DEVELOPMENT_TEAM = 4SM7NHSWAW;
				ENABLE_PREVIEWS = YES;
				GENERATE_INFOPLIST_FILE = YES;
				INFOPLIST_KEY_UIApplicationSceneManifest_Generation = YES;
				INFOPLIST_KEY_UIApplicationSupportsIndirectInputEvents = YES;
				INFOPLIST_KEY_UILaunchScreen_Generation = YES;
				INFOPLIST_KEY_UISupportedInterfaceOrientations_iPad = "UIInterfaceOrientationPortrait UIInterfaceOrientationPortraitUpsideDown UIInterfaceOrientationLandscapeLeft UIInterfaceOrientationLandscapeRight";
				INFOPLIST_KEY_UISupportedInterfaceOrientations_iPhone = "UIInterfaceOrientationPortrait UIInterfaceOrientationLandscapeLeft UIInterfaceOrientationLandscapeRight";
				LD_RUNPATH_SEARCH_PATHS = (
					"$(inherited)",
					"@executable_path/Frameworks",
				);
				MARKETING_VERSION = 1.0;
				PRODUCT_BUNDLE_IDENTIFIER = com.schwarzkopf.RideFinderApp;
				PRODUCT_NAME = "$(TARGET_NAME)";
				SWIFT_EMIT_LOC_STRINGS = YES;
				SWIFT_VERSION = 5.0;
				TARGETED_DEVICE_FAMILY = "1,2";
			};
			name = Debug;
		};
		1170770C2E5F838C0075026B /* Release */ = {
			isa = XCBuildConfiguration;
			buildSettings = {
				ASSETCATALOG_COMPILER_APPICON_NAME = AppIcon;
				ASSETCATALOG_COMPILER_GLOBAL_ACCENT_COLOR_NAME = AccentColor;
				CODE_SIGN_STYLE = Automatic;
				CURRENT_PROJECT_VERSION = 1;
				DEVELOPMENT_ASSET_PATHS = "\"RideFinderApp/Preview Content\"";
				DEVELOPMENT_TEAM = 4SM7NHSWAW;
				ENABLE_PREVIEWS = YES;
				GENERATE_INFOPLIST_FILE = YES;
				INFOPLIST_KEY_UIApplicationSceneManifest_Generation = YES;
				INFOPLIST_KEY_UIApplicationSupportsIndirectInputEvents = YES;
				INFOPLIST_KEY_UILaunchScreen_Generation = YES;
				INFOPLIST_KEY_UISupportedInterfaceOrientations_iPad = "UIInterfaceOrientationPortrait UIInterfaceOrientationPortraitUpsideDown UIInterfaceOrientationLandscapeLeft UIInterfaceOrientationLandscapeRight";
				INFOPLIST_KEY_UISupportedInterfaceOrientations_iPhone = "UIInterfaceOrientationPortrait UIInterfaceOrientationLandscapeLeft UIInterfaceOrientationLandscapeRight";
				LD_RUNPATH_SEARCH_PATHS = (
					"$(inherited)",
					"@executable_path/Frameworks",
				);
				MARKETING_VERSION = 1.0;
				PRODUCT_BUNDLE_IDENTIFIER = com.schwarzkopf.RideFinderApp;
				PRODUCT_NAME = "$(TARGET_NAME)";
				SWIFT_EMIT_LOC_STRINGS = YES;
				SWIFT_VERSION = 5.0;
				TARGETED_DEVICE_FAMILY = "1,2";
			};
			name = Release;
		};
		1170770E2E5F838C0075026B /* Debug */ = {
			isa = XCBuildConfiguration;
			buildSettings = {
				BUNDLE_LOADER = "$(TEST_HOST)";
				CODE_SIGN_STYLE = Automatic;
				CURRENT_PROJECT_VERSION = 1;
				DEVELOPMENT_TEAM = 4SM7NHSWAW;
				GENERATE_INFOPLIST_FILE = YES;
				IPHONEOS_DEPLOYMENT_TARGET = 18.2;
				MARKETING_VERSION = 1.0;
				PRODUCT_BUNDLE_IDENTIFIER = com.schwarzkopf.RideFinderAppTests;
				PRODUCT_NAME = "$(TARGET_NAME)";
				SWIFT_EMIT_LOC_STRINGS = NO;
				SWIFT_VERSION = 5.0;
				TARGETED_DEVICE_FAMILY = "1,2";
				TEST_HOST = "$(BUILT_PRODUCTS_DIR)/RideFinderApp.app/$(BUNDLE_EXECUTABLE_FOLDER_PATH)/RideFinderApp";
			};
			name = Debug;
		};
		1170770F2E5F838C0075026B /* Release */ = {
			isa = XCBuildConfiguration;
			buildSettings = {
				BUNDLE_LOADER = "$(TEST_HOST)";
				CODE_SIGN_STYLE = Automatic;
				CURRENT_PROJECT_VERSION = 1;
				DEVELOPMENT_TEAM = 4SM7NHSWAW;
				GENERATE_INFOPLIST_FILE = YES;
				IPHONEOS_DEPLOYMENT_TARGET = 18.2;
				MARKETING_VERSION = 1.0;
				PRODUCT_BUNDLE_IDENTIFIER = com.schwarzkopf.RideFinderAppTests;
				PRODUCT_NAME = "$(TARGET_NAME)";
				SWIFT_EMIT_LOC_STRINGS = NO;
				SWIFT_VERSION = 5.0;
				TARGETED_DEVICE_FAMILY = "1,2";
				TEST_HOST = "$(BUILT_PRODUCTS_DIR)/RideFinderApp.app/$(BUNDLE_EXECUTABLE_FOLDER_PATH)/RideFinderApp";
			};
			name = Release;
		};
		117077112E5F838C0075026B /* Debug */ = {
			isa = XCBuildConfiguration;
			buildSettings = {
				CODE_SIGN_STYLE = Automatic;
				CURRENT_PROJECT_VERSION = 1;
				DEVELOPMENT_TEAM = 4SM7NHSWAW;
				GENERATE_INFOPLIST_FILE = YES;
				MARKETING_VERSION = 1.0;
				PRODUCT_BUNDLE_IDENTIFIER = com.schwarzkopf.RideFinderAppUITests;
				PRODUCT_NAME = "$(TARGET_NAME)";
				SWIFT_EMIT_LOC_STRINGS = NO;
				SWIFT_VERSION = 5.0;
				TARGETED_DEVICE_FAMILY = "1,2";
				TEST_TARGET_NAME = RideFinderApp;
			};
			name = Debug;
		};
		117077122E5F838C0075026B /* Release */ = {
			isa = XCBuildConfiguration;
			buildSettings = {
				CODE_SIGN_STYLE = Automatic;
				CURRENT_PROJECT_VERSION = 1;
				DEVELOPMENT_TEAM = 4SM7NHSWAW;
				GENERATE_INFOPLIST_FILE = YES;
				MARKETING_VERSION = 1.0;
				PRODUCT_BUNDLE_IDENTIFIER = com.schwarzkopf.RideFinderAppUITests;
				PRODUCT_NAME = "$(TARGET_NAME)";
				SWIFT_EMIT_LOC_STRINGS = NO;
				SWIFT_VERSION = 5.0;
				TARGETED_DEVICE_FAMILY = "1,2";
				TEST_TARGET_NAME = RideFinderApp;
			};
			name = Release;
		};
/* End XCBuildConfiguration section */

/* Begin XCConfigurationList section */
		117076E12E5F838B0075026B /* Build configuration list for PBXProject "RideFinderApp" */ = {
			isa = XCConfigurationList;
			buildConfigurations = (
				117077082E5F838C0075026B /* Debug */,
				117077092E5F838C0075026B /* Release */,
			);
			defaultConfigurationIsVisible = 0;
			defaultConfigurationName = Release;
		};
		1170770A2E5F838C0075026B /* Build configuration list for PBXNativeTarget "RideFinderApp" */ = {
			isa = XCConfigurationList;
			buildConfigurations = (
				1170770B2E5F838C0075026B /* Debug */,
				1170770C2E5F838C0075026B /* Release */,
			);
			defaultConfigurationIsVisible = 0;
			defaultConfigurationName = Release;
		};
		1170770D2E5F838C0075026B /* Build configuration list for PBXNativeTarget "RideFinderAppTests" */ = {
			isa = XCConfigurationList;
			buildConfigurations = (
				1170770E2E5F838C0075026B /* Debug */,
				1170770F2E5F838C0075026B /* Release */,
			);
			defaultConfigurationIsVisible = 0;
			defaultConfigurationName = Release;
		};
		117077102E5F838C0075026B /* Build configuration list for PBXNativeTarget "RideFinderAppUITests" */ = {
			isa = XCConfigurationList;
			buildConfigurations = (
				117077112E5F838C0075026B /* Debug */,
				117077122E5F838C0075026B /* Release */,
			);
			defaultConfigurationIsVisible = 0;
			defaultConfigurationName = Release;
		};
/* End XCConfigurationList section */
	};
	rootObject = 117076DE2E5F838B0075026B /* Project object */;
}
